
Microsoft Visual Studio Solution File, Format Version 12.00
# Visual Studio Version 17
VisualStudioVersion = 17.11.35327.3
MinimumVisualStudioVersion = 10.0.40219.1
Project("{FAE04EC0-301F-11D3-BF4B-00C04F79EFBC}") = "conversor-XML", "conversor-XML.csproj", "{F62D0C40-3906-438E-945F-CBB4F4547D3A}"
EndProject
Global
	GlobalSection(SolutionConfigurationPlatforms) = preSolution
		Debug|Any CPU = Debug|Any CPU
		Release|Any CPU = Release|Any CPU
	EndGlobalSection
	GlobalSection(ProjectConfigurationPlatforms) = postSolution
		{F62D0C40-3906-438E-945F-CBB4F4547D3A}.Debug|Any CPU.ActiveCfg = Debug|Any CPU
		{F62D0C40-3906-438E-945F-CBB4F4547D3A}.Debug|Any CPU.Build.0 = Debug|Any CPU
		{F62D0C40-3906-438E-945F-CBB4F4547D3A}.Release|Any CPU.ActiveCfg = Release|Any CPU
		{F62D0C40-3906-438E-945F-CBB4F4547D3A}.Release|Any CPU.Build.0 = Release|Any CPU
	EndGlobalSection
	GlobalSection(SolutionProperties) = preSolution
		HideSolutionNode = FALSE
	EndGlobalSection
	GlobalSection(ExtensibilityGlobals) = postSolution
		SolutionGuid = {873B13BD-F8C5-409F-AA7F-C7F06DE04BE0}
	EndGlobalSection
EndGlobal
